
Microsoft Visual Studio Solution File, Format Version 12.00
# Visual Studio 15
VisualStudioVersion = 15.0.28307.271
MinimumVisualStudioVersion = 10.0.40219.1
Project("{FAE04EC0-301F-11D3-BF4B-00C04F79EFBC}") = "Lab2_Druzyna", "Lab2_Druzyna\Lab2_Druzyna.csproj", "{CA597F86-450B-4934-AC27-F3AE5A12B60D}"
EndProject
Global
	GlobalSection(SolutionConfigurationPlatforms) = preSolution
		Debug|Any CPU = Debug|Any CPU
		Release|Any CPU = Release|Any CPU
	EndGlobalSection
	GlobalSection(ProjectConfigurationPlatforms) = postSolution
		{CA597F86-450B-4934-AC27-F3AE5A12B60D}.Debug|Any CPU.ActiveCfg = Debug|Any CPU
		{CA597F86-450B-4934-AC27-F3AE5A12B60D}.Debug|Any CPU.Build.0 = Debug|Any CPU
		{CA597F86-450B-4934-AC27-F3AE5A12B60D}.Release|Any CPU.ActiveCfg = Release|Any CPU
		{CA597F86-450B-4934-AC27-F3AE5A12B60D}.Release|Any CPU.Build.0 = Release|Any CPU
	EndGlobalSection
	GlobalSection(SolutionProperties) = preSolution
		HideSolutionNode = FALSE
	EndGlobalSection
	GlobalSection(ExtensibilityGlobals) = postSolution
		SolutionGuid = {E1DE3AB5-14BA-4052-9A25-98C7016B3444}
	EndGlobalSection
EndGlobal
